
Microsoft Visual Studio Solution File, Format Version 12.00
# Visual Studio Version 16
VisualStudioVersion = 16.0.30028.174
MinimumVisualStudioVersion = 10.0.40219.1
Project("{2150E333-8FDC-42A3-9474-1A3956D46DE8}") = "src", "src", "{4E8FBA79-46BE-4C57-AFF5-E3442F4BF2C5}"
EndProject
Project("{9A19103F-16F7-4668-BE54-9A1E7A4F7556}") = "BlazorAppHandlebarsExample", "src\BlazorAppHandlebarsExample\BlazorAppHandlebarsExample.csproj", "{AA49F1C1-62DC-4ECE-9CEE-BE43878EF9AF}"
EndProject
Project("{2150E333-8FDC-42A3-9474-1A3956D46DE8}") = "Solution Items", "Solution Items", "{FC5168F6-FAC5-402B-AD3C-3A41518243E0}"
	ProjectSection(SolutionItems) = preProject
		publish.cmd = publish.cmd
		README.md = README.md
	EndProjectSection
EndProject
Global
	GlobalSection(SolutionConfigurationPlatforms) = preSolution
		Debug|Any CPU = Debug|Any CPU
		Release|Any CPU = Release|Any CPU
	EndGlobalSection
	GlobalSection(ProjectConfigurationPlatforms) = postSolution
		{AA49F1C1-62DC-4ECE-9CEE-BE43878EF9AF}.Debug|Any CPU.ActiveCfg = Debug|Any CPU
		{AA49F1C1-62DC-4ECE-9CEE-BE43878EF9AF}.Debug|Any CPU.Build.0 = Debug|Any CPU
		{AA49F1C1-62DC-4ECE-9CEE-BE43878EF9AF}.Release|Any CPU.ActiveCfg = Release|Any CPU
		{AA49F1C1-62DC-4ECE-9CEE-BE43878EF9AF}.Release|Any CPU.Build.0 = Release|Any CPU
	EndGlobalSection
	GlobalSection(SolutionProperties) = preSolution
		HideSolutionNode = FALSE
	EndGlobalSection
	GlobalSection(NestedProjects) = preSolution
		{AA49F1C1-62DC-4ECE-9CEE-BE43878EF9AF} = {4E8FBA79-46BE-4C57-AFF5-E3442F4BF2C5}
	EndGlobalSection
	GlobalSection(ExtensibilityGlobals) = postSolution
		SolutionGuid = {C027DADB-BF11-4991-9D14-30D4A14A4C38}
	EndGlobalSection
EndGlobal
